{
  "version": 2,
  "dependencies": {
    "net8.0": {
      "Microsoft.Extensions.DependencyInjection": {
        "type": "Direct",
        "requested": "[9.0.9, )",
        "resolved": "9.0.9",
        "contentHash": "zQV2WOSP+3z1EuK91ULxfGgo2Y75bTRnmJHp08+w/YXAyekZutX/qCd88/HOMNh35MDW9mJJJxPpMPS+1Rww8A==",
        "dependencies": {
          "Microsoft.Extensions.DependencyInjection.Abstractions": "9.0.9"
        }
      },
      "Microsoft.Extensions.DependencyInjection.Abstractions": {
        "type": "Transitive",
        "resolved": "9.0.9",
        "contentHash": "/hymojfWbE9AlDOa0mczR44m00Jj+T3+HZO0ZnVTI032fVycI0ZbNOVFP6kqZMcXiLSYXzR2ilcwaRi6dzeGyA=="
      },
      "secretsharingdotnet": {
        "type": "Project"
      }
    }
  }
}