<Solution>
  <Configurations>
    <Platform Name="Any CPU" />
    <Platform Name="x64" />
    <Platform Name="x86" />
  </Configurations>
  <Project Path="src/SecretSharingDotNet.csproj" />
  <Project Path="tests/SecretSharingDotNetTest.csproj" />
  <Project Path="samples/SecretSharingDotNet.Demo.Console/SecretSharingDotNet.Demo.Console.csproj" />
</Solution>
