
Microsoft Visual Studio Solution File, Format Version 12.00
# Visual Studio 15
VisualStudioVersion = 15.0.26124.0
MinimumVisualStudioVersion = 15.0.26124.0
Project("{FAE04EC0-301F-11D3-BF4B-00C04F79EFBC}") = "SecretSharingDotNet", "src\SecretSharingDotNetCore2.2.csproj", "{EF113114-267C-4CA0-B22A-62A326FF73B2}"
EndProject
Project("{FAE04EC0-301F-11D3-BF4B-00C04F79EFBC}") = "SecretSharingDotNetTest", "tests\SecretSharingDotNetCore2.2Test.csproj", "{1754AFBB-73DF-4AEB-9CBC-5C46B3708D8F}"
EndProject
Global
	GlobalSection(SolutionConfigurationPlatforms) = preSolution
		Debug|Any CPU = Debug|Any CPU
		Debug|x64 = Debug|x64
		Debug|x86 = Debug|x86
		Release|Any CPU = Release|Any CPU
		Release|x64 = Release|x64
		Release|x86 = Release|x86
	EndGlobalSection
	GlobalSection(SolutionProperties) = preSolution
		HideSolutionNode = FALSE
	EndGlobalSection
	GlobalSection(ProjectConfigurationPlatforms) = postSolution
		{EF113114-267C-4CA0-B22A-62A326FF73B2}.Debug|Any CPU.ActiveCfg = Debug|Any CPU
		{EF113114-267C-4CA0-B22A-62A326FF73B2}.Debug|Any CPU.Build.0 = Debug|Any CPU
		{EF113114-267C-4CA0-B22A-62A326FF73B2}.Debug|x64.ActiveCfg = Debug|Any CPU
		{EF113114-267C-4CA0-B22A-62A326FF73B2}.Debug|x64.Build.0 = Debug|Any CPU
		{EF113114-267C-4CA0-B22A-62A326FF73B2}.Debug|x86.ActiveCfg = Debug|Any CPU
		{EF113114-267C-4CA0-B22A-62A326FF73B2}.Debug|x86.Build.0 = Debug|Any CPU
		{EF113114-267C-4CA0-B22A-62A326FF73B2}.Release|Any CPU.ActiveCfg = Release|Any CPU
		{EF113114-267C-4CA0-B22A-62A326FF73B2}.Release|Any CPU.Build.0 = Release|Any CPU
		{EF113114-267C-4CA0-B22A-62A326FF73B2}.Release|x64.ActiveCfg = Release|Any CPU
		{EF113114-267C-4CA0-B22A-62A326FF73B2}.Release|x64.Build.0 = Release|Any CPU
		{EF113114-267C-4CA0-B22A-62A326FF73B2}.Release|x86.ActiveCfg = Release|Any CPU
		{EF113114-267C-4CA0-B22A-62A326FF73B2}.Release|x86.Build.0 = Release|Any CPU
		{1754AFBB-73DF-4AEB-9CBC-5C46B3708D8F}.Debug|Any CPU.ActiveCfg = Debug|Any CPU
		{1754AFBB-73DF-4AEB-9CBC-5C46B3708D8F}.Debug|Any CPU.Build.0 = Debug|Any CPU
		{1754AFBB-73DF-4AEB-9CBC-5C46B3708D8F}.Debug|x64.ActiveCfg = Debug|Any CPU
		{1754AFBB-73DF-4AEB-9CBC-5C46B3708D8F}.Debug|x64.Build.0 = Debug|Any CPU
		{1754AFBB-73DF-4AEB-9CBC-5C46B3708D8F}.Debug|x86.ActiveCfg = Debug|Any CPU
		{1754AFBB-73DF-4AEB-9CBC-5C46B3708D8F}.Debug|x86.Build.0 = Debug|Any CPU
		{1754AFBB-73DF-4AEB-9CBC-5C46B3708D8F}.Release|Any CPU.ActiveCfg = Release|Any CPU
		{1754AFBB-73DF-4AEB-9CBC-5C46B3708D8F}.Release|Any CPU.Build.0 = Release|Any CPU
		{1754AFBB-73DF-4AEB-9CBC-5C46B3708D8F}.Release|x64.ActiveCfg = Release|Any CPU
		{1754AFBB-73DF-4AEB-9CBC-5C46B3708D8F}.Release|x64.Build.0 = Release|Any CPU
		{1754AFBB-73DF-4AEB-9CBC-5C46B3708D8F}.Release|x86.ActiveCfg = Release|Any CPU
		{1754AFBB-73DF-4AEB-9CBC-5C46B3708D8F}.Release|x86.Build.0 = Release|Any CPU
	EndGlobalSection
EndGlobal
