
Microsoft Visual Studio Solution File, Format Version 12.00
# Visual Studio Version 16
VisualStudioVersion = 16.0.29102.190
MinimumVisualStudioVersion = 10.0.40219.1
Project("{FAE04EC0-301F-11D3-BF4B-00C04F79EFBC}") = "SecretSharingDotNetFx4.6.2", "src\SecretSharingDotNetFx4.6.2.csproj", "{1C21B99C-2DE4-4CA5-B4CE-BC95CF89369E}"
EndProject
Project("{FAE04EC0-301F-11D3-BF4B-00C04F79EFBC}") = "SecretSharingDotNetFx4.6.2Test", "tests\SecretSharingDotNetFx4.6.2Test.csproj", "{70290CC4-75A1-4609-AFCA-F1343D889A0E}"
EndProject
Global
	GlobalSection(SolutionConfigurationPlatforms) = preSolution
		Debug|Any CPU = Debug|Any CPU
		Release|Any CPU = Release|Any CPU
	EndGlobalSection
	GlobalSection(ProjectConfigurationPlatforms) = postSolution
		{1C21B99C-2DE4-4CA5-B4CE-BC95CF89369E}.Debug|Any CPU.ActiveCfg = Debug|Any CPU
		{1C21B99C-2DE4-4CA5-B4CE-BC95CF89369E}.Debug|Any CPU.Build.0 = Debug|Any CPU
		{1C21B99C-2DE4-4CA5-B4CE-BC95CF89369E}.Release|Any CPU.ActiveCfg = Release|Any CPU
		{1C21B99C-2DE4-4CA5-B4CE-BC95CF89369E}.Release|Any CPU.Build.0 = Release|Any CPU
		{70290CC4-75A1-4609-AFCA-F1343D889A0E}.Debug|Any CPU.ActiveCfg = Debug|Any CPU
		{70290CC4-75A1-4609-AFCA-F1343D889A0E}.Debug|Any CPU.Build.0 = Debug|Any CPU
		{70290CC4-75A1-4609-AFCA-F1343D889A0E}.Release|Any CPU.ActiveCfg = Release|Any CPU
		{70290CC4-75A1-4609-AFCA-F1343D889A0E}.Release|Any CPU.Build.0 = Release|Any CPU
	EndGlobalSection
	GlobalSection(SolutionProperties) = preSolution
		HideSolutionNode = FALSE
	EndGlobalSection
	GlobalSection(ExtensibilityGlobals) = postSolution
		SolutionGuid = {8FDBBA18-14AF-483C-9319-C53F7370648A}
	EndGlobalSection
EndGlobal
