{
  "version": 2,
  "dependencies": {
    "net9.0": {
      "Microsoft.NETFramework.ReferenceAssemblies": {
        "type": "Direct",
        "requested": "[1.0.3, )",
        "resolved": "1.0.3",
        "contentHash": "vUc9Npcs14QsyOD01tnv/m8sQUnGTGOw1BCmKcv77LBJY7OxhJ+zJF7UD/sCL3lYNFuqmQEVlkfS4Quif6FyYg==",
        "dependencies": {
          "Microsoft.NETFramework.ReferenceAssemblies.net461": "1.0.3"
        }
      },
      "Microsoft.SourceLink.GitHub": {
        "type": "Direct",
        "requested": "[10.0.401, )",
        "resolved": "10.0.401",
        "contentHash": "LGmlwgP1Cx37JEWzyjS0o1/+xs/s/e3E2TBSuogI5ePA/9L0pfIfeYX0k5in7Bfcw8Nn2y2sG9jXxydTjiR2Fg==",
        "dependencies": {
          "Microsoft.Build.Tasks.Git": "10.0.401",
          "Microsoft.SourceLink.Common": "10.0.401",
          "System.IO.Hashing": "10.0.12"
        }
      },
      "Microsoft.Build.Tasks.Git": {
        "type": "Transitive",
        "resolved": "10.0.401",
        "contentHash": "ZYctNuT10V9IYyCFydy63DXx0ggZQuynuzQOdLvW62dPgzjIz7f0ISEP75RGiq1jFQh8p6TmGSqxeQZQ87LCig==",
        "dependencies": {
          "System.IO.Hashing": "10.0.12"
        }
      },
      "Microsoft.NETFramework.ReferenceAssemblies.net461": {
        "type": "Transitive",
        "resolved": "1.0.3",
        "contentHash": "AmOJZwCqnOCNp6PPcf9joyogScWLtwy0M1WkqfEQ0M9nYwyDD7EX9ZjscKS5iYnyvteX7kzSKFCKt9I9dXA6mA=="
      },
      "Microsoft.SourceLink.Common": {
        "type": "Transitive",
        "resolved": "10.0.401",
        "contentHash": "u3rLxIwi/9MqDFaWGE/QQgLR1NBEzLOW2lv5+9OrZPDBYIAmFdYSWCWrR1ufpXWOqFn+x02TgKropl/oDuHmgA=="
      },
      "System.IO.Hashing": {
        "type": "Transitive",
        "resolved": "10.0.12",
        "contentHash": "jDix4bBMYnpZdSPcnY+KDV6ik3SRMzpMKby/bZl/XUwIiflwRNAFZ0oOl61R/pSaveIJ8t1gs2BUlrGsPs/bcg=="
      }
    }
  }
}